// !$*UTF8*$!
{
	archiveVersion = 1;
	classes = {
	};
	objectVersion = 46;
	objects = {

/* Begin PBXBuildFile section */
		AD7170C61833D671003116E8 /* Foundation.framework in Frameworks */ = {isa = PBXBuildFile; fileRef = AD7170C51833D671003116E8 /* Foundation.framework */; };
		AD7170C81833D671003116E8 /* CoreGraphics.framework in Frameworks */ = {isa = PBXBuildFile; fileRef = AD7170C71833D671003116E8 /* CoreGraphics.framework */; };
		AD7170CA1833D671003116E8 /* UIKit.framework in Frameworks */ = {isa = PBXBuildFile; fileRef = AD7170C91833D671003116E8 /* UIKit.framework */; };
		AD7170D01833D671003116E8 /* InfoPlist.strings in Resources */ = {isa = PBXBuildFile; fileRef = AD7170CE1833D671003116E8 /* InfoPlist.strings */; };
		AD7170D21833D671003116E8 /* main.m in Sources */ = {isa = PBXBuildFile; fileRef = AD7170D11833D671003116E8 /* main.m */; };
		AD7170D61833D671003116E8 /* AppDelegate.m in Sources */ = {isa = PBXBuildFile; fileRef = AD7170D51833D671003116E8 /* AppDelegate.m */; };
		AD7170D91833D671003116E8 /* Main_iPhone.storyboard in Resources */ = {isa = PBXBuildFile; fileRef = AD7170D71833D671003116E8 /* Main_iPhone.storyboard */; };
		AD7170DC1833D671003116E8 /* Main_iPad.storyboard in Resources */ = {isa = PBXBuildFile; fileRef = AD7170DA1833D671003116E8 /* Main_iPad.storyboard */; };
		AD7170DF1833D671003116E8 /* ViewController.m in Sources */ = {isa = PBXBuildFile; fileRef = AD7170DE1833D671003116E8 /* ViewController.m */; };
		AD7170E11833D671003116E8 /* Images.xcassets in Resources */ = {isa = PBXBuildFile; fileRef = AD7170E01833D671003116E8 /* Images.xcassets */; };
		AD7170E81833D671003116E8 /* XCTest.framework in Frameworks */ = {isa = PBXBuildFile; fileRef = AD7170E71833D671003116E8 /* XCTest.framework */; };
		AD7170E91833D671003116E8 /* Foundation.framework in Frameworks */ = {isa = PBXBuildFile; fileRef = AD7170C51833D671003116E8 /* Foundation.framework */; };
		AD7170EA1833D671003116E8 /* UIKit.framework in Frameworks */ = {isa = PBXBuildFile; fileRef = AD7170C91833D671003116E8 /* UIKit.framework */; };
		AD7170F21833D671003116E8 /* InfoPlist.strings in Resources */ = {isa = PBXBuildFile; fileRef = AD7170F01833D671003116E8 /* InfoPlist.strings */; };
		AD7170F41833D671003116E8 /* DemoTravisCITests.m in Sources */ = {isa = PBXBuildFile; fileRef = AD7170F31833D671003116E8 /* DemoTravisCITests.m */; };
/* End PBXBuildFile section */

/* Begin PBXContainerItemProxy section */
		AD7170EB1833D671003116E8 /* PBXContainerItemProxy */ = {
			isa = PBXContainerItemProxy;
			containerPortal = AD7170BA1833D671003116E8 /* Project object */;
			proxyType = 1;
			remoteGlobalIDString = AD7170C11833D671003116E8;
			remoteInfo = DemoTravisCI;
		};
/* End PBXContainerItemProxy section */

/* Begin PBXFileReference section */
		AD7170C21833D671003116E8 /* DemoTravisCI.app */ = {isa = PBXFileReference; explicitFileType = wrapper.application; includeInIndex = 0; path = DemoTravisCI.app; sourceTree = BUILT_PRODUCTS_DIR; };
		AD7170C51833D671003116E8 /* Foundation.framework */ = {isa = PBXFileReference; lastKnownFileType = wrapper.framework; name = Foundation.framework; path = System/Library/Frameworks/Foundation.framework; sourceTree = SDKROOT; };
		AD7170C71833D671003116E8 /* CoreGraphics.framework */ = {isa = PBXFileReference; lastKnownFileType = wrapper.framework; name = CoreGraphics.framework; path = System/Library/Frameworks/CoreGraphics.framework; sourceTree = SDKROOT; };
		AD7170C91833D671003116E8 /* UIKit.framework */ = {isa = PBXFileReference; lastKnownFileType = wrapper.framework; name = UIKit.framework; path = System/Library/Frameworks/UIKit.framework; sourceTree = SDKROOT; };
		AD7170CD1833D671003116E8 /* DemoTravisCI-Info.plist */ = {isa = PBXFileReference; lastKnownFileType = text.plist.xml; path = "DemoTravisCI-Info.plist"; sourceTree = "<group>"; };
		AD7170CF1833D671003116E8 /* en */ = {isa = PBXFileReference; lastKnownFileType = text.plist.strings; name = en; path = en.lproj/InfoPlist.strings; sourceTree = "<group>"; };
		AD7170D11833D671003116E8 /* main.m */ = {isa = PBXFileReference; lastKnownFileType = sourcecode.c.objc; path = main.m; sourceTree = "<group>"; };
		AD7170D31833D671003116E8 /* DemoTravisCI-Prefix.pch */ = {isa = PBXFileReference; lastKnownFileType = sourcecode.c.h; path = "DemoTravisCI-Prefix.pch"; sourceTree = "<group>"; };
		AD7170D41833D671003116E8 /* AppDelegate.h */ = {isa = PBXFileReference; lastKnownFileType = sourcecode.c.h; path = AppDelegate.h; sourceTree = "<group>"; };
		AD7170D51833D671003116E8 /* AppDelegate.m */ = {isa = PBXFileReference; lastKnownFileType = sourcecode.c.objc; path = AppDelegate.m; sourceTree = "<group>"; };
		AD7170D81833D671003116E8 /* Base */ = {isa = PBXFileReference; lastKnownFileType = file.storyboard; name = Base; path = Base.lproj/Main_iPhone.storyboard; sourceTree = "<group>"; };
		AD7170DB1833D671003116E8 /* Base */ = {isa = PBXFileReference; lastKnownFileType = file.storyboard; name = Base; path = Base.lproj/Main_iPad.storyboard; sourceTree = "<group>"; };
		AD7170DD1833D671003116E8 /* ViewController.h */ = {isa = PBXFileReference; lastKnownFileType = sourcecode.c.h; path = ViewController.h; sourceTree = "<group>"; };
		AD7170DE1833D671003116E8 /* ViewController.m */ = {isa = PBXFileReference; lastKnownFileType = sourcecode.c.objc; path = ViewController.m; sourceTree = "<group>"; };
		AD7170E01833D671003116E8 /* Images.xcassets */ = {isa = PBXFileReference; lastKnownFileType = folder.assetcatalog; path = Images.xcassets; sourceTree = "<group>"; };
		AD7170E61833D671003116E8 /* DemoTravisCITests.xctest */ = {isa = PBXFileReference; explicitFileType = wrapper.cfbundle; includeInIndex = 0; path = DemoTravisCITests.xctest; sourceTree = BUILT_PRODUCTS_DIR; };
		AD7170E71833D671003116E8 /* XCTest.framework */ = {isa = PBXFileReference; lastKnownFileType = wrapper.framework; name = XCTest.framework; path = Library/Frameworks/XCTest.framework; sourceTree = DEVELOPER_DIR; };
		AD7170EF1833D671003116E8 /* DemoTravisCITests-Info.plist */ = {isa = PBXFileReference; lastKnownFileType = text.plist.xml; path = "DemoTravisCITests-Info.plist"; sourceTree = "<group>"; };
		AD7170F11833D671003116E8 /* en */ = {isa = PBXFileReference; lastKnownFileType = text.plist.strings; name = en; path = en.lproj/InfoPlist.strings; sourceTree = "<group>"; };
		AD7170F31833D671003116E8 /* DemoTravisCITests.m */ = {isa = PBXFileReference; lastKnownFileType = sourcecode.c.objc; path = DemoTravisCITests.m; sourceTree = "<group>"; };
/* End PBXFileReference section */

/* Begin PBXFrameworksBuildPhase section */
		AD7170BF1833D671003116E8 /* Frameworks */ = {
			isa = PBXFrameworksBuildPhase;
			buildActionMask = 2147483647;
			files = (
				AD7170C81833D671003116E8 /* CoreGraphics.framework in Frameworks */,
				AD7170CA1833D671003116E8 /* UIKit.framework in Frameworks */,
				AD7170C61833D671003116E8 /* Foundation.framework in Frameworks */,
			);
			runOnlyForDeploymentPostprocessing = 0;
		};
		AD7170E31833D671003116E8 /* Frameworks */ = {
			isa = PBXFrameworksBuildPhase;
			buildActionMask = 2147483647;
			files = (
				AD7170E81833D671003116E8 /* XCTest.framework in Frameworks */,
				AD7170EA1833D671003116E8 /* UIKit.framework in Frameworks */,
				AD7170E91833D671003116E8 /* Foundation.framework in Frameworks */,
			);
			runOnlyForDeploymentPostprocessing = 0;
		};
/* End PBXFrameworksBuildPhase section */

/* Begin PBXGroup section */
		AD7170B91833D671003116E8 = {
			isa = PBXGroup;
			children = (
				AD7170CB1833D671003116E8 /* DemoTravisCI */,
				AD7170ED1833D671003116E8 /* DemoTravisCITests */,
				AD7170C41833D671003116E8 /* Frameworks */,
				AD7170C31833D671003116E8 /* Products */,
			);
			sourceTree = "<group>";
		};
		AD7170C31833D671003116E8 /* Products */ = {
			isa = PBXGroup;
			children = (
				AD7170C21833D671003116E8 /* DemoTravisCI.app */,
				AD7170E61833D671003116E8 /* DemoTravisCITests.xctest */,
			);
			name = Products;
			sourceTree = "<group>";
		};
		AD7170C41833D671003116E8 /* Frameworks */ = {
			isa = PBXGroup;
			children = (
				AD7170C51833D671003116E8 /* Foundation.framework */,
				AD7170C71833D671003116E8 /* CoreGraphics.framework */,
				AD7170C91833D671003116E8 /* UIKit.framework */,
				AD7170E71833D671003116E8 /* XCTest.framework */,
			);
			name = Frameworks;
			sourceTree = "<group>";
		};
		AD7170CB1833D671003116E8 /* DemoTravisCI */ = {
			isa = PBXGroup;
			children = (
				AD7170D41833D671003116E8 /* AppDelegate.h */,
				AD7170D51833D671003116E8 /* AppDelegate.m */,
				AD7170D71833D671003116E8 /* Main_iPhone.storyboard */,
				AD7170DA1833D671003116E8 /* Main_iPad.storyboard */,
				AD7170DD1833D671003116E8 /* ViewController.h */,
				AD7170DE1833D671003116E8 /* ViewController.m */,
				AD7170E01833D671003116E8 /* Images.xcassets */,
				AD7170CC1833D671003116E8 /* Supporting Files */,
			);
			path = DemoTravisCI;
			sourceTree = "<group>";
		};
		AD7170CC1833D671003116E8 /* Supporting Files */ = {
			isa = PBXGroup;
			children = (
				AD7170CD1833D671003116E8 /* DemoTravisCI-Info.plist */,
				AD7170CE1833D671003116E8 /* InfoPlist.strings */,
				AD7170D11833D671003116E8 /* main.m */,
				AD7170D31833D671003116E8 /* DemoTravisCI-Prefix.pch */,
			);
			name = "Supporting Files";
			sourceTree = "<group>";
		};
		AD7170ED1833D671003116E8 /* DemoTravisCITests */ = {
			isa = PBXGroup;
			children = (
				AD7170F31833D671003116E8 /* DemoTravisCITests.m */,
				AD7170EE1833D671003116E8 /* Supporting Files */,
			);
			path = DemoTravisCITests;
			sourceTree = "<group>";
		};
		AD7170EE1833D671003116E8 /* Supporting Files */ = {
			isa = PBXGroup;
			children = (
				AD7170EF1833D671003116E8 /* DemoTravisCITests-Info.plist */,
				AD7170F01833D671003116E8 /* InfoPlist.strings */,
			);
			name = "Supporting Files";
			sourceTree = "<group>";
		};
/* End PBXGroup section */

/* Begin PBXNativeTarget section */
		AD7170C11833D671003116E8 /* DemoTravisCI */ = {
			isa = PBXNativeTarget;
			buildConfigurationList = AD7170F71833D671003116E8 /* Build configuration list for PBXNativeTarget "DemoTravisCI" */;
			buildPhases = (
				AD7170BE1833D671003116E8 /* Sources */,
				AD7170BF1833D671003116E8 /* Frameworks */,
				AD7170C01833D671003116E8 /* Resources */,
			);
			buildRules = (
			);
			dependencies = (
			);
			name = DemoTravisCI;
			productName = DemoTravisCI;
			productReference = AD7170C21833D671003116E8 /* DemoTravisCI.app */;
			productType = "com.apple.product-type.application";
		};
		AD7170E51833D671003116E8 /* DemoTravisCITests */ = {
			isa = PBXNativeTarget;
			buildConfigurationList = AD7170FA1833D671003116E8 /* Build configuration list for PBXNativeTarget "DemoTravisCITests" */;
			buildPhases = (
				AD7170E21833D671003116E8 /* Sources */,
				AD7170E31833D671003116E8 /* Frameworks */,
				AD7170E41833D671003116E8 /* Resources */,
			);
			buildRules = (
			);
			dependencies = (
				AD7170EC1833D671003116E8 /* PBXTargetDependency */,
			);
			name = DemoTravisCITests;
			productName = DemoTravisCITests;
			productReference = AD7170E61833D671003116E8 /* DemoTravisCITests.xctest */;
			productType = "com.apple.product-type.bundle.unit-test";
		};
/* End PBXNativeTarget section */

/* Begin PBXProject section */
		AD7170BA1833D671003116E8 /* Project object */ = {
			isa = PBXProject;
			attributes = {
				LastUpgradeCheck = 0500;
				ORGANIZATIONNAME = com.westonplatter;
				TargetAttributes = {
					AD7170E51833D671003116E8 = {
						TestTargetID = AD7170C11833D671003116E8;
					};
				};
			};
			buildConfigurationList = AD7170BD1833D671003116E8 /* Build configuration list for PBXProject "DemoTravisCI" */;
			compatibilityVersion = "Xcode 3.2";
			developmentRegion = English;
			hasScannedForEncodings = 0;
			knownRegions = (
				en,
				Base,
			);
			mainGroup = AD7170B91833D671003116E8;
			productRefGroup = AD7170C31833D671003116E8 /* Products */;
			projectDirPath = "";
			projectRoot = "";
			targets = (
				AD7170C11833D671003116E8 /* DemoTravisCI */,
				AD7170E51833D671003116E8 /* DemoTravisCITests */,
			);
		};
/* End PBXProject section */

/* Begin PBXResourcesBuildPhase section */
		AD7170C01833D671003116E8 /* Resources */ = {
			isa = PBXResourcesBuildPhase;
			buildActionMask = 2147483647;
			files = (
				AD7170DC1833D671003116E8 /* Main_iPad.storyboard in Resources */,
				AD7170E11833D671003116E8 /* Images.xcassets in Resources */,
				AD7170D91833D671003116E8 /* Main_iPhone.storyboard in Resources */,
				AD7170D01833D671003116E8 /* InfoPlist.strings in Resources */,
			);
			runOnlyForDeploymentPostprocessing = 0;
		};
		AD7170E41833D671003116E8 /* Resources */ = {
			isa = PBXResourcesBuildPhase;
			buildActionMask = 2147483647;
			files = (
				AD7170F21833D671003116E8 /* InfoPlist.strings in Resources */,
			);
			runOnlyForDeploymentPostprocessing = 0;
		};
/* End PBXResourcesBuildPhase section */

/* Begin PBXSourcesBuildPhase section */
		AD7170BE1833D671003116E8 /* Sources */ = {
			isa = PBXSourcesBuildPhase;
			buildActionMask = 2147483647;
			files = (
				AD7170DF1833D671003116E8 /* ViewController.m in Sources */,
				AD7170D61833D671003116E8 /* AppDelegate.m in Sources */,
				AD7170D21833D671003116E8 /* main.m in Sources */,
			);
			runOnlyForDeploymentPostprocessing = 0;
		};
		AD7170E21833D671003116E8 /* Sources */ = {
			isa = PBXSourcesBuildPhase;
			buildActionMask = 2147483647;
			files = (
				AD7170F41833D671003116E8 /* DemoTravisCITests.m in Sources */,
			);
			runOnlyForDeploymentPostprocessing = 0;
		};
/* End PBXSourcesBuildPhase section */

/* Begin PBXTargetDependency section */
		AD7170EC1833D671003116E8 /* PBXTargetDependency */ = {
			isa = PBXTargetDependency;
			target = AD7170C11833D671003116E8 /* DemoTravisCI */;
			targetProxy = AD7170EB1833D671003116E8 /* PBXContainerItemProxy */;
		};
/* End PBXTargetDependency section */

/* Begin PBXVariantGroup section */
		AD7170CE1833D671003116E8 /* InfoPlist.strings */ = {
			isa = PBXVariantGroup;
			children = (
				AD7170CF1833D671003116E8 /* en */,
			);
			name = InfoPlist.strings;
			sourceTree = "<group>";
		};
		AD7170D71833D671003116E8 /* Main_iPhone.storyboard */ = {
			isa = PBXVariantGroup;
			children = (
				AD7170D81833D671003116E8 /* Base */,
			);
			name = Main_iPhone.storyboard;
			sourceTree = "<group>";
		};
		AD7170DA1833D671003116E8 /* Main_iPad.storyboard */ = {
			isa = PBXVariantGroup;
			children = (
				AD7170DB1833D671003116E8 /* Base */,
			);
			name = Main_iPad.storyboard;
			sourceTree = "<group>";
		};
		AD7170F01833D671003116E8 /* InfoPlist.strings */ = {
			isa = PBXVariantGroup;
			children = (
				AD7170F11833D671003116E8 /* en */,
			);
			name = InfoPlist.strings;
			sourceTree = "<group>";
		};
/* End PBXVariantGroup section */

/* Begin XCBuildConfiguration section */
		AD7170F51833D671003116E8 /* Debug */ = {
			isa = XCBuildConfiguration;
			buildSettings = {
				ALWAYS_SEARCH_USER_PATHS = NO;
				ARCHS = "$(ARCHS_STANDARD_INCLUDING_64_BIT)";
				CLANG_CXX_LANGUAGE_STANDARD = "gnu++0x";
				CLANG_CXX_LIBRARY = "libc++";
				CLANG_ENABLE_MODULES = YES;
				CLANG_ENABLE_OBJC_ARC = YES;
				CLANG_WARN_BOOL_CONVERSION = YES;
				CLANG_WARN_CONSTANT_CONVERSION = YES;
				CLANG_WARN_DIRECT_OBJC_ISA_USAGE = YES_ERROR;
				CLANG_WARN_EMPTY_BODY = YES;
				CLANG_WARN_ENUM_CONVERSION = YES;
				CLANG_WARN_INT_CONVERSION = YES;
				CLANG_WARN_OBJC_ROOT_CLASS = YES_ERROR;
				CLANG_WARN__DUPLICATE_METHOD_MATCH = YES;
				"CODE_SIGN_IDENTITY[sdk=iphoneos*]" = "iPhone Developer";
				COPY_PHASE_STRIP = NO;
				GCC_C_LANGUAGE_STANDARD = gnu99;
				GCC_DYNAMIC_NO_PIC = NO;
				GCC_OPTIMIZATION_LEVEL = 0;
				GCC_PREPROCESSOR_DEFINITIONS = (
					"DEBUG=1",
					"$(inherited)",
				);
				GCC_SYMBOLS_PRIVATE_EXTERN = NO;
				GCC_WARN_64_TO_32_BIT_CONVERSION = YES;
				GCC_WARN_ABOUT_RETURN_TYPE = YES_ERROR;
				GCC_WARN_UNDECLARED_SELECTOR = YES;
				GCC_WARN_UNINITIALIZED_AUTOS = YES;
				GCC_WARN_UNUSED_FUNCTION = YES;
				GCC_WARN_UNUSED_VARIABLE = YES;
				IPHONEOS_DEPLOYMENT_TARGET = 7.0;
				ONLY_ACTIVE_ARCH = YES;
				SDKROOT = iphoneos;
				TARGETED_DEVICE_FAMILY = "1,2";
			};
			name = Debug;
		};
		AD7170F61833D671003116E8 /* Release */ = {
			isa = XCBuildConfiguration;
			buildSettings = {
				ALWAYS_SEARCH_USER_PATHS = NO;
				ARCHS = "$(ARCHS_STANDARD_INCLUDING_64_BIT)";
				CLANG_CXX_LANGUAGE_STANDARD = "gnu++0x";
				CLANG_CXX_LIBRARY = "libc++";
				CLANG_ENABLE_MODULES = YES;
				CLANG_ENABLE_OBJC_ARC = YES;
				CLANG_WARN_BOOL_CONVERSION = YES;
				CLANG_WARN_CONSTANT_CONVERSION = YES;
				CLANG_WARN_DIRECT_OBJC_ISA_USAGE = YES_ERROR;
				CLANG_WARN_EMPTY_BODY = YES;
				CLANG_WARN_ENUM_CONVERSION = YES;
				CLANG_WARN_INT_CONVERSION = YES;
				CLANG_WARN_OBJC_ROOT_CLASS = YES_ERROR;
				CLANG_WARN__DUPLICATE_METHOD_MATCH = YES;
				"CODE_SIGN_IDENTITY[sdk=iphoneos*]" = "iPhone Developer";
				COPY_PHASE_STRIP = YES;
				ENABLE_NS_ASSERTIONS = NO;
				GCC_C_LANGUAGE_STANDARD = gnu99;
				GCC_WARN_64_TO_32_BIT_CONVERSION = YES;
				GCC_WARN_ABOUT_RETURN_TYPE = YES_ERROR;
				GCC_WARN_UNDECLARED_SELECTOR = YES;
				GCC_WARN_UNINITIALIZED_AUTOS = YES;
				GCC_WARN_UNUSED_FUNCTION = YES;
				GCC_WARN_UNUSED_VARIABLE = YES;
				IPHONEOS_DEPLOYMENT_TARGET = 7.0;
				SDKROOT = iphoneos;
				TARGETED_DEVICE_FAMILY = "1,2";
				VALIDATE_PRODUCT = YES;
			};
			name = Release;
		};
		AD7170F81833D671003116E8 /* Debug */ = {
			isa = XCBuildConfiguration;
			buildSettings = {
				ASSETCATALOG_COMPILER_APPICON_NAME = AppIcon;
				ASSETCATALOG_COMPILER_LAUNCHIMAGE_NAME = LaunchImage;
				GCC_PRECOMPILE_PREFIX_HEADER = YES;
				GCC_PREFIX_HEADER = "DemoTravisCI/DemoTravisCI-Prefix.pch";
				INFOPLIST_FILE = "DemoTravisCI/DemoTravisCI-Info.plist";
				PRODUCT_NAME = "$(TARGET_NAME)";
				WRAPPER_EXTENSION = app;
			};
			name = Debug;
		};
		AD7170F91833D671003116E8 /* Release */ = {
			isa = XCBuildConfiguration;
			buildSettings = {
				ASSETCATALOG_COMPILER_APPICON_NAME = AppIcon;
				ASSETCATALOG_COMPILER_LAUNCHIMAGE_NAME = LaunchImage;
				GCC_PRECOMPILE_PREFIX_HEADER = YES;
				GCC_PREFIX_HEADER = "DemoTravisCI/DemoTravisCI-Prefix.pch";
				INFOPLIST_FILE = "DemoTravisCI/DemoTravisCI-Info.plist";
				PRODUCT_NAME = "$(TARGET_NAME)";
				WRAPPER_EXTENSION = app;
			};
			name = Release;
		};
		AD7170FB1833D671003116E8 /* Debug */ = {
			isa = XCBuildConfiguration;
			buildSettings = {
				ARCHS = "$(ARCHS_STANDARD_INCLUDING_64_BIT)";
				BUNDLE_LOADER = "$(BUILT_PRODUCTS_DIR)/DemoTravisCI.app/DemoTravisCI";
				FRAMEWORK_SEARCH_PATHS = (
					"$(SDKROOT)/Developer/Library/Frameworks",
					"$(inherited)",
					"$(DEVELOPER_FRAMEWORKS_DIR)",
				);
				GCC_PRECOMPILE_PREFIX_HEADER = YES;
				GCC_PREFIX_HEADER = "DemoTravisCI/DemoTravisCI-Prefix.pch";
				GCC_PREPROCESSOR_DEFINITIONS = (
					"DEBUG=1",
					"$(inherited)",
				);
				INFOPLIST_FILE = "DemoTravisCITests/DemoTravisCITests-Info.plist";
				PRODUCT_NAME = "$(TARGET_NAME)";
				TEST_HOST = "$(BUNDLE_LOADER)";
				WRAPPER_EXTENSION = xctest;
			};
			name = Debug;
		};
		AD7170FC1833D671003116E8 /* Release */ = {
			isa = XCBuildConfiguration;
			buildSettings = {
				ARCHS = "$(ARCHS_STANDARD_INCLUDING_64_BIT)";
				BUNDLE_LOADER = "$(BUILT_PRODUCTS_DIR)/DemoTravisCI.app/DemoTravisCI";
				FRAMEWORK_SEARCH_PATHS = (
					"$(SDKROOT)/Developer/Library/Frameworks",
					"$(inherited)",
					"$(DEVELOPER_FRAMEWORKS_DIR)",
				);
				GCC_PRECOMPILE_PREFIX_HEADER = YES;
				GCC_PREFIX_HEADER = "DemoTravisCI/DemoTravisCI-Prefix.pch";
				INFOPLIST_FILE = "DemoTravisCITests/DemoTravisCITests-Info.plist";
				PRODUCT_NAME = "$(TARGET_NAME)";
				TEST_HOST = "$(BUNDLE_LOADER)";
				WRAPPER_EXTENSION = xctest;
			};
			name = Release;
		};
/* End XCBuildConfiguration section */

/* Begin XCConfigurationList section */
		AD7170BD1833D671003116E8 /* Build configuration list for PBXProject "DemoTravisCI" */ = {
			isa = XCConfigurationList;
			buildConfigurations = (
				AD7170F51833D671003116E8 /* Debug */,
				AD7170F61833D671003116E8 /* Release */,
			);
			defaultConfigurationIsVisible = 0;
			defaultConfigurationName = Release;
		};
		AD7170F71833D671003116E8 /* Build configuration list for PBXNativeTarget "DemoTravisCI" */ = {
			isa = XCConfigurationList;
			buildConfigurations = (
				AD7170F81833D671003116E8 /* Debug */,
				AD7170F91833D671003116E8 /* Release */,
			);
			defaultConfigurationIsVisible = 0;
		};
		AD7170FA1833D671003116E8 /* Build configuration list for PBXNativeTarget "DemoTravisCITests" */ = {
			isa = XCConfigurationList;
			buildConfigurations = (
				AD7170FB1833D671003116E8 /* Debug */,
				AD7170FC1833D671003116E8 /* Release */,
			);
			defaultConfigurationIsVisible = 0;
		};
/* End XCConfigurationList section */
	};
	rootObject = AD7170BA1833D671003116E8 /* Project object */;
}
